// !$*UTF8*$!
{
	archiveVersion = 1;
	classes = {
	};
	objectVersion = 48;
	objects = {

/* Begin PBXBuildFile section */
		10183AF12019B7230064C06F /* AppDelegate.swift in Sources */ = {isa = PBXBuildFile; fileRef = 10183AF02019B7230064C06F /* AppDelegate.swift */; };
		10183AF32019B7230064C06F /* ViewController.swift in Sources */ = {isa = PBXBuildFile; fileRef = 10183AF22019B7230064C06F /* ViewController.swift */; };
		10183AF62019B7230064C06F /* Main.storyboard in Resources */ = {isa = PBXBuildFile; fileRef = 10183AF42019B7230064C06F /* Main.storyboard */; };
		10183AF82019B7230064C06F /* Assets.xcassets in Resources */ = {isa = PBXBuildFile; fileRef = 10183AF72019B7230064C06F /* Assets.xcassets */; };
		10183AFB2019B7230064C06F /* LaunchScreen.storyboard in Resources */ = {isa = PBXBuildFile; fileRef = 10183AF92019B7230064C06F /* LaunchScreen.storyboard */; };
		10183B1B2019B8030064C06F /* AppDelegate.swift in Sources */ = {isa = PBXBuildFile; fileRef = 10183B1A2019B8030064C06F /* AppDelegate.swift */; };
		10183B1D2019B8030064C06F /* ViewController.swift in Sources */ = {isa = PBXBuildFile; fileRef = 10183B1C2019B8030064C06F /* ViewController.swift */; };
		10183B1F2019B8030064C06F /* Assets.xcassets in Resources */ = {isa = PBXBuildFile; fileRef = 10183B1E2019B8030064C06F /* Assets.xcassets */; };
		10183B222019B8030064C06F /* Main.storyboard in Resources */ = {isa = PBXBuildFile; fileRef = 10183B202019B8030064C06F /* Main.storyboard */; };
		10183B2C2019BA8B0064C06F /* MK_AsyncView.swift in Sources */ = {isa = PBXBuildFile; fileRef = 10183B292019BA8B0064C06F /* MK_AsyncView.swift */; };
		10183B2D2019BA8B0064C06F /* MK_AsyncView.swift in Sources */ = {isa = PBXBuildFile; fileRef = 10183B292019BA8B0064C06F /* MK_AsyncView.swift */; };
		10183B2E2019BA8B0064C06F /* MK_AsyncTask.swift in Sources */ = {isa = PBXBuildFile; fileRef = 10183B2A2019BA8B0064C06F /* MK_AsyncTask.swift */; };
		10183B2F2019BA8B0064C06F /* MK_AsyncTask.swift in Sources */ = {isa = PBXBuildFile; fileRef = 10183B2A2019BA8B0064C06F /* MK_AsyncTask.swift */; };
		10183B302019BA8B0064C06F /* MK_RuntimeObserver.swift in Sources */ = {isa = PBXBuildFile; fileRef = 10183B2B2019BA8B0064C06F /* MK_RuntimeObserver.swift */; };
		10183B312019BA8B0064C06F /* MK_RuntimeObserver.swift in Sources */ = {isa = PBXBuildFile; fileRef = 10183B2B2019BA8B0064C06F /* MK_RuntimeObserver.swift */; };
		10183B352019D14D0064C06F /* MK_ Compatibility.swift in Sources */ = {isa = PBXBuildFile; fileRef = 10183B342019D14D0064C06F /* MK_ Compatibility.swift */; };
		10183B362019D14D0064C06F /* MK_ Compatibility.swift in Sources */ = {isa = PBXBuildFile; fileRef = 10183B342019D14D0064C06F /* MK_ Compatibility.swift */; };
		10183B382019D3E50064C06F /* MK_Extension.swift in Sources */ = {isa = PBXBuildFile; fileRef = 10183B372019D3E50064C06F /* MK_Extension.swift */; };
		10183B392019D3E50064C06F /* MK_Extension.swift in Sources */ = {isa = PBXBuildFile; fileRef = 10183B372019D3E50064C06F /* MK_Extension.swift */; };
		10183B3B2019D4DD0064C06F /* MK_Accessory.swift in Sources */ = {isa = PBXBuildFile; fileRef = 10183B3A2019D4DD0064C06F /* MK_Accessory.swift */; };
		10183B3C2019D4DD0064C06F /* MK_Accessory.swift in Sources */ = {isa = PBXBuildFile; fileRef = 10183B3A2019D4DD0064C06F /* MK_Accessory.swift */; };
		10183B3E201AF3510064C06F /* MK_TextLayout.swift in Sources */ = {isa = PBXBuildFile; fileRef = 10183B3D201AF3510064C06F /* MK_TextLayout.swift */; };
		10183B3F201AF3510064C06F /* MK_TextLayout.swift in Sources */ = {isa = PBXBuildFile; fileRef = 10183B3D201AF3510064C06F /* MK_TextLayout.swift */; };
		10183B41201AF3870064C06F /* MK_Label.swift in Sources */ = {isa = PBXBuildFile; fileRef = 10183B40201AF3870064C06F /* MK_Label.swift */; };
		10183B42201AF3870064C06F /* MK_Label.swift in Sources */ = {isa = PBXBuildFile; fileRef = 10183B40201AF3870064C06F /* MK_Label.swift */; };
		10DE75AE201B25C100E94B0A /* MK_TextLine.swift in Sources */ = {isa = PBXBuildFile; fileRef = 10DE75AD201B25C100E94B0A /* MK_TextLine.swift */; };
		10DE75AF201B25C100E94B0A /* MK_TextLine.swift in Sources */ = {isa = PBXBuildFile; fileRef = 10DE75AD201B25C100E94B0A /* MK_TextLine.swift */; };
		10DE75B5201EFB8200E94B0A /* MK_Text_Sentence.swift in Sources */ = {isa = PBXBuildFile; fileRef = 10DE75B4201EFB8200E94B0A /* MK_Text_Sentence.swift */; };
		10DE75B6201EFB8200E94B0A /* MK_Text_Sentence.swift in Sources */ = {isa = PBXBuildFile; fileRef = 10DE75B4201EFB8200E94B0A /* MK_Text_Sentence.swift */; };
		10DE75B82020366E00E94B0A /* MK_TapString.swift in Sources */ = {isa = PBXBuildFile; fileRef = 10DE75B72020366E00E94B0A /* MK_TapString.swift */; };
		10DE75B92020366E00E94B0A /* MK_TapString.swift in Sources */ = {isa = PBXBuildFile; fileRef = 10DE75B72020366E00E94B0A /* MK_TapString.swift */; };
/* End PBXBuildFile section */

/* Begin PBXFileReference section */
		10183AEE2019B7230064C06F /* MK_Text_iOS.app */ = {isa = PBXFileReference; explicitFileType = wrapper.application; includeInIndex = 0; path = MK_Text_iOS.app; sourceTree = BUILT_PRODUCTS_DIR; };
		10183AF02019B7230064C06F /* AppDelegate.swift */ = {isa = PBXFileReference; lastKnownFileType = sourcecode.swift; path = AppDelegate.swift; sourceTree = "<group>"; };
		10183AF22019B7230064C06F /* ViewController.swift */ = {isa = PBXFileReference; lastKnownFileType = sourcecode.swift; path = ViewController.swift; sourceTree = "<group>"; };
		10183AF52019B7230064C06F /* Base */ = {isa = PBXFileReference; lastKnownFileType = file.storyboard; name = Base; path = Base.lproj/Main.storyboard; sourceTree = "<group>"; };
		10183AF72019B7230064C06F /* Assets.xcassets */ = {isa = PBXFileReference; lastKnownFileType = folder.assetcatalog; path = Assets.xcassets; sourceTree = "<group>"; };
		10183AFA2019B7230064C06F /* Base */ = {isa = PBXFileReference; lastKnownFileType = file.storyboard; name = Base; path = Base.lproj/LaunchScreen.storyboard; sourceTree = "<group>"; };
		10183AFC2019B7230064C06F /* Info.plist */ = {isa = PBXFileReference; lastKnownFileType = text.plist.xml; path = Info.plist; sourceTree = "<group>"; };
		10183B182019B8020064C06F /* MK_Text_OSX.app */ = {isa = PBXFileReference; explicitFileType = wrapper.application; includeInIndex = 0; path = MK_Text_OSX.app; sourceTree = BUILT_PRODUCTS_DIR; };
		10183B1A2019B8030064C06F /* AppDelegate.swift */ = {isa = PBXFileReference; lastKnownFileType = sourcecode.swift; path = AppDelegate.swift; sourceTree = "<group>"; };
		10183B1C2019B8030064C06F /* ViewController.swift */ = {isa = PBXFileReference; lastKnownFileType = sourcecode.swift; path = ViewController.swift; sourceTree = "<group>"; };
		10183B1E2019B8030064C06F /* Assets.xcassets */ = {isa = PBXFileReference; lastKnownFileType = folder.assetcatalog; path = Assets.xcassets; sourceTree = "<group>"; };
		10183B212019B8030064C06F /* Base */ = {isa = PBXFileReference; lastKnownFileType = file.storyboard; name = Base; path = Base.lproj/Main.storyboard; sourceTree = "<group>"; };
		10183B232019B8030064C06F /* Info.plist */ = {isa = PBXFileReference; lastKnownFileType = text.plist.xml; path = Info.plist; sourceTree = "<group>"; };
		10183B242019B8030064C06F /* MK_Text_OSX.entitlements */ = {isa = PBXFileReference; lastKnownFileType = text.plist.entitlements; path = MK_Text_OSX.entitlements; sourceTree = "<group>"; };
		10183B292019BA8B0064C06F /* MK_AsyncView.swift */ = {isa = PBXFileReference; fileEncoding = 4; lastKnownFileType = sourcecode.swift; path = MK_AsyncView.swift; sourceTree = "<group>"; };
		10183B2A2019BA8B0064C06F /* MK_AsyncTask.swift */ = {isa = PBXFileReference; fileEncoding = 4; lastKnownFileType = sourcecode.swift; path = MK_AsyncTask.swift; sourceTree = "<group>"; };
		10183B2B2019BA8B0064C06F /* MK_RuntimeObserver.swift */ = {isa = PBXFileReference; fileEncoding = 4; lastKnownFileType = sourcecode.swift; path = MK_RuntimeObserver.swift; sourceTree = "<group>"; };
		10183B342019D14D0064C06F /* MK_ Compatibility.swift */ = {isa = PBXFileReference; lastKnownFileType = sourcecode.swift; path = "MK_ Compatibility.swift"; sourceTree = "<group>"; };
		10183B372019D3E50064C06F /* MK_Extension.swift */ = {isa = PBXFileReference; lastKnownFileType = sourcecode.swift; path = MK_Extension.swift; sourceTree = "<group>"; };
		10183B3A2019D4DD0064C06F /* MK_Accessory.swift */ = {isa = PBXFileReference; lastKnownFileType = sourcecode.swift; path = MK_Accessory.swift; sourceTree = "<group>"; };
		10183B3D201AF3510064C06F /* MK_TextLayout.swift */ = {isa = PBXFileReference; lastKnownFileType = sourcecode.swift; path = MK_TextLayout.swift; sourceTree = "<group>"; };
		10183B40201AF3870064C06F /* MK_Label.swift */ = {isa = PBXFileReference; lastKnownFileType = sourcecode.swift; path = MK_Label.swift; sourceTree = "<group>"; };
		10DE75AD201B25C100E94B0A /* MK_TextLine.swift */ = {isa = PBXFileReference; lastKnownFileType = sourcecode.swift; path = MK_TextLine.swift; sourceTree = "<group>"; };
		10DE75B4201EFB8200E94B0A /* MK_Text_Sentence.swift */ = {isa = PBXFileReference; fileEncoding = 4; lastKnownFileType = sourcecode.swift; path = MK_Text_Sentence.swift; sourceTree = "<group>"; };
		10DE75B72020366E00E94B0A /* MK_TapString.swift */ = {isa = PBXFileReference; lastKnownFileType = sourcecode.swift; path = MK_TapString.swift; sourceTree = "<group>"; };
/* End PBXFileReference section */

/* Begin PBXFrameworksBuildPhase section */
		10183AEB2019B7230064C06F /* Frameworks */ = {
			isa = PBXFrameworksBuildPhase;
			buildActionMask = 2147483647;
			files = (
			);
			runOnlyForDeploymentPostprocessing = 0;
		};
		10183B152019B8020064C06F /* Frameworks */ = {
			isa = PBXFrameworksBuildPhase;
			buildActionMask = 2147483647;
			files = (
			);
			runOnlyForDeploymentPostprocessing = 0;
		};
/* End PBXFrameworksBuildPhase section */

/* Begin PBXGroup section */
		10183ACE2019B7070064C06F = {
			isa = PBXGroup;
			children = (
				10183B282019B8300064C06F /* Source */,
				10183AEF2019B7230064C06F /* MK_Text_iOS */,
				10183B192019B8020064C06F /* MK_Text_OSX */,
				10183AD82019B7070064C06F /* Products */,
			);
			sourceTree = "<group>";
		};
		10183AD82019B7070064C06F /* Products */ = {
			isa = PBXGroup;
			children = (
				10183AEE2019B7230064C06F /* MK_Text_iOS.app */,
				10183B182019B8020064C06F /* MK_Text_OSX.app */,
			);
			name = Products;
			sourceTree = "<group>";
		};
		10183AEF2019B7230064C06F /* MK_Text_iOS */ = {
			isa = PBXGroup;
			children = (
				10183AF02019B7230064C06F /* AppDelegate.swift */,
				10183AF22019B7230064C06F /* ViewController.swift */,
				10183AF42019B7230064C06F /* Main.storyboard */,
				10183AF72019B7230064C06F /* Assets.xcassets */,
				10183AF92019B7230064C06F /* LaunchScreen.storyboard */,
				10183AFC2019B7230064C06F /* Info.plist */,
			);
			path = MK_Text_iOS;
			sourceTree = "<group>";
		};
		10183B192019B8020064C06F /* MK_Text_OSX */ = {
			isa = PBXGroup;
			children = (
				10183B1A2019B8030064C06F /* AppDelegate.swift */,
				10183B1C2019B8030064C06F /* ViewController.swift */,
				10183B1E2019B8030064C06F /* Assets.xcassets */,
				10183B202019B8030064C06F /* Main.storyboard */,
				10183B232019B8030064C06F /* Info.plist */,
				10183B242019B8030064C06F /* MK_Text_OSX.entitlements */,
			);
			path = MK_Text_OSX;
			sourceTree = "<group>";
		};
		10183B282019B8300064C06F /* Source */ = {
			isa = PBXGroup;
			children = (
				10183B2B2019BA8B0064C06F /* MK_RuntimeObserver.swift */,
				10DE75B4201EFB8200E94B0A /* MK_Text_Sentence.swift */,
				10183B342019D14D0064C06F /* MK_ Compatibility.swift */,
				10183B3D201AF3510064C06F /* MK_TextLayout.swift */,
				10183B292019BA8B0064C06F /* MK_AsyncView.swift */,
				10183B2A2019BA8B0064C06F /* MK_AsyncTask.swift */,
				10183B3A2019D4DD0064C06F /* MK_Accessory.swift */,
				10DE75B72020366E00E94B0A /* MK_TapString.swift */,
				10183B372019D3E50064C06F /* MK_Extension.swift */,
				10DE75AD201B25C100E94B0A /* MK_TextLine.swift */,
				10183B40201AF3870064C06F /* MK_Label.swift */,
			);
			path = Source;
			sourceTree = "<group>";
		};
/* End PBXGroup section */

/* Begin PBXNativeTarget section */
		10183AED2019B7230064C06F /* MK_Text_iOS */ = {
			isa = PBXNativeTarget;
			buildConfigurationList = 10183AFD2019B7230064C06F /* Build configuration list for PBXNativeTarget "MK_Text_iOS" */;
			buildPhases = (
				10183AEA2019B7230064C06F /* Sources */,
				10183AEB2019B7230064C06F /* Frameworks */,
				10183AEC2019B7230064C06F /* Resources */,
			);
			buildRules = (
			);
			dependencies = (
			);
			name = MK_Text_iOS;
			productName = MK_Text_iOS;
			productReference = 10183AEE2019B7230064C06F /* MK_Text_iOS.app */;
			productType = "com.apple.product-type.application";
		};
		10183B172019B8020064C06F /* MK_Text_OSX */ = {
			isa = PBXNativeTarget;
			buildConfigurationList = 10183B252019B8030064C06F /* Build configuration list for PBXNativeTarget "MK_Text_OSX" */;
			buildPhases = (
				10183B142019B8020064C06F /* Sources */,
				10183B152019B8020064C06F /* Frameworks */,
				10183B162019B8020064C06F /* Resources */,
			);
			buildRules = (
			);
			dependencies = (
			);
			name = MK_Text_OSX;
			productName = MK_Text_OSX;
			productReference = 10183B182019B8020064C06F /* MK_Text_OSX.app */;
			productType = "com.apple.product-type.application";
		};
/* End PBXNativeTarget section */

/* Begin PBXProject section */
		10183ACF2019B7070064C06F /* Project object */ = {
			isa = PBXProject;
			attributes = {
				LastSwiftUpdateCheck = 0910;
				LastUpgradeCheck = 0910;
				ORGANIZATIONNAME = MBP;
				TargetAttributes = {
					10183AED2019B7230064C06F = {
						CreatedOnToolsVersion = 9.1;
						ProvisioningStyle = Automatic;
					};
					10183B172019B8020064C06F = {
						CreatedOnToolsVersion = 9.1;
						ProvisioningStyle = Automatic;
					};
				};
			};
			buildConfigurationList = 10183AD22019B7070064C06F /* Build configuration list for PBXProject "MK_Text" */;
			compatibilityVersion = "Xcode 8.0";
			developmentRegion = en;
			hasScannedForEncodings = 0;
			knownRegions = (
				en,
				Base,
			);
			mainGroup = 10183ACE2019B7070064C06F;
			productRefGroup = 10183AD82019B7070064C06F /* Products */;
			projectDirPath = "";
			projectRoot = "";
			targets = (
				10183AED2019B7230064C06F /* MK_Text_iOS */,
				10183B172019B8020064C06F /* MK_Text_OSX */,
			);
		};
/* End PBXProject section */

/* Begin PBXResourcesBuildPhase section */
		10183AEC2019B7230064C06F /* Resources */ = {
			isa = PBXResourcesBuildPhase;
			buildActionMask = 2147483647;
			files = (
				10183AFB2019B7230064C06F /* LaunchScreen.storyboard in Resources */,
				10183AF82019B7230064C06F /* Assets.xcassets in Resources */,
				10183AF62019B7230064C06F /* Main.storyboard in Resources */,
			);
			runOnlyForDeploymentPostprocessing = 0;
		};
		10183B162019B8020064C06F /* Resources */ = {
			isa = PBXResourcesBuildPhase;
			buildActionMask = 2147483647;
			files = (
				10183B1F2019B8030064C06F /* Assets.xcassets in Resources */,
				10183B222019B8030064C06F /* Main.storyboard in Resources */,
			);
			runOnlyForDeploymentPostprocessing = 0;
		};
/* End PBXResourcesBuildPhase section */

/* Begin PBXSourcesBuildPhase section */
		10183AEA2019B7230064C06F /* Sources */ = {
			isa = PBXSourcesBuildPhase;
			buildActionMask = 2147483647;
			files = (
				10183B3B2019D4DD0064C06F /* MK_Accessory.swift in Sources */,
				10DE75B5201EFB8200E94B0A /* MK_Text_Sentence.swift in Sources */,
				10183AF32019B7230064C06F /* ViewController.swift in Sources */,
				10183B41201AF3870064C06F /* MK_Label.swift in Sources */,
				10183B2E2019BA8B0064C06F /* MK_AsyncTask.swift in Sources */,
				10183B2C2019BA8B0064C06F /* MK_AsyncView.swift in Sources */,
				10183AF12019B7230064C06F /* AppDelegate.swift in Sources */,
				10183B3E201AF3510064C06F /* MK_TextLayout.swift in Sources */,
				10DE75AE201B25C100E94B0A /* MK_TextLine.swift in Sources */,
				10183B302019BA8B0064C06F /* MK_RuntimeObserver.swift in Sources */,
				10183B382019D3E50064C06F /* MK_Extension.swift in Sources */,
				10DE75B82020366E00E94B0A /* MK_TapString.swift in Sources */,
				10183B352019D14D0064C06F /* MK_ Compatibility.swift in Sources */,
			);
			runOnlyForDeploymentPostprocessing = 0;
		};
		10183B142019B8020064C06F /* Sources */ = {
			isa = PBXSourcesBuildPhase;
			buildActionMask = 2147483647;
			files = (
				10183B3C2019D4DD0064C06F /* MK_Accessory.swift in Sources */,
				10DE75B6201EFB8200E94B0A /* MK_Text_Sentence.swift in Sources */,
				10183B1D2019B8030064C06F /* ViewController.swift in Sources */,
				10183B42201AF3870064C06F /* MK_Label.swift in Sources */,
				10183B2F2019BA8B0064C06F /* MK_AsyncTask.swift in Sources */,
				10183B2D2019BA8B0064C06F /* MK_AsyncView.swift in Sources */,
				10183B1B2019B8030064C06F /* AppDelegate.swift in Sources */,
				10183B3F201AF3510064C06F /* MK_TextLayout.swift in Sources */,
				10DE75AF201B25C100E94B0A /* MK_TextLine.swift in Sources */,
				10183B312019BA8B0064C06F /* MK_RuntimeObserver.swift in Sources */,
				10183B392019D3E50064C06F /* MK_Extension.swift in Sources */,
				10DE75B92020366E00E94B0A /* MK_TapString.swift in Sources */,
				10183B362019D14D0064C06F /* MK_ Compatibility.swift in Sources */,
			);
			runOnlyForDeploymentPostprocessing = 0;
		};
/* End PBXSourcesBuildPhase section */

/* Begin PBXVariantGroup section */
		10183AF42019B7230064C06F /* Main.storyboard */ = {
			isa = PBXVariantGroup;
			children = (
				10183AF52019B7230064C06F /* Base */,
			);
			name = Main.storyboard;
			sourceTree = "<group>";
		};
		10183AF92019B7230064C06F /* LaunchScreen.storyboard */ = {
			isa = PBXVariantGroup;
			children = (
				10183AFA2019B7230064C06F /* Base */,
			);
			name = LaunchScreen.storyboard;
			sourceTree = "<group>";
		};
		10183B202019B8030064C06F /* Main.storyboard */ = {
			isa = PBXVariantGroup;
			children = (
				10183B212019B8030064C06F /* Base */,
			);
			name = Main.storyboard;
			sourceTree = "<group>";
		};
/* End PBXVariantGroup section */

/* Begin XCBuildConfiguration section */
		10183AE52019B7070064C06F /* Debug */ = {
			isa = XCBuildConfiguration;
			buildSettings = {
				ALWAYS_SEARCH_USER_PATHS = NO;
				CLANG_ANALYZER_NONNULL = YES;
				CLANG_ANALYZER_NUMBER_OBJECT_CONVERSION = YES_AGGRESSIVE;
				CLANG_CXX_LANGUAGE_STANDARD = "gnu++14";
				CLANG_CXX_LIBRARY = "libc++";
				CLANG_ENABLE_MODULES = YES;
				CLANG_ENABLE_OBJC_ARC = YES;
				CLANG_WARN_BLOCK_CAPTURE_AUTORELEASING = YES;
				CLANG_WARN_BOOL_CONVERSION = YES;
				CLANG_WARN_COMMA = YES;
				CLANG_WARN_CONSTANT_CONVERSION = YES;
				CLANG_WARN_DIRECT_OBJC_ISA_USAGE = YES_ERROR;
				CLANG_WARN_DOCUMENTATION_COMMENTS = YES;
				CLANG_WARN_EMPTY_BODY = YES;
				CLANG_WARN_ENUM_CONVERSION = YES;
				CLANG_WARN_INFINITE_RECURSION = YES;
				CLANG_WARN_INT_CONVERSION = YES;
				CLANG_WARN_NON_LITERAL_NULL_CONVERSION = YES;
				CLANG_WARN_OBJC_LITERAL_CONVERSION = YES;
				CLANG_WARN_OBJC_ROOT_CLASS = YES_ERROR;
				CLANG_WARN_RANGE_LOOP_ANALYSIS = YES;
				CLANG_WARN_STRICT_PROTOTYPES = YES;
				CLANG_WARN_SUSPICIOUS_MOVE = YES;
				CLANG_WARN_UNGUARDED_AVAILABILITY = YES_AGGRESSIVE;
				CLANG_WARN_UNREACHABLE_CODE = YES;
				CLANG_WARN__DUPLICATE_METHOD_MATCH = YES;
				CODE_SIGN_IDENTITY = "Mac Developer";
				COPY_PHASE_STRIP = NO;
				DEBUG_INFORMATION_FORMAT = dwarf;
				ENABLE_STRICT_OBJC_MSGSEND = YES;
				ENABLE_TESTABILITY = YES;
				GCC_C_LANGUAGE_STANDARD = gnu11;
				GCC_DYNAMIC_NO_PIC = NO;
				GCC_NO_COMMON_BLOCKS = YES;
				GCC_OPTIMIZATION_LEVEL = 0;
				GCC_PREPROCESSOR_DEFINITIONS = (
					"DEBUG=1",
					"$(inherited)",
				);
				GCC_WARN_64_TO_32_BIT_CONVERSION = YES;
				GCC_WARN_ABOUT_RETURN_TYPE = YES_ERROR;
				GCC_WARN_UNDECLARED_SELECTOR = YES;
				GCC_WARN_UNINITIALIZED_AUTOS = YES_AGGRESSIVE;
				GCC_WARN_UNUSED_FUNCTION = YES;
				GCC_WARN_UNUSED_VARIABLE = YES;
				MACOSX_DEPLOYMENT_TARGET = 10.13;
				MTL_ENABLE_DEBUG_INFO = YES;
				ONLY_ACTIVE_ARCH = YES;
				SDKROOT = macosx;
				SWIFT_ACTIVE_COMPILATION_CONDITIONS = DEBUG;
				SWIFT_OPTIMIZATION_LEVEL = "-Onone";
			};
			name = Debug;
		};
		10183AE62019B7070064C06F /* Release */ = {
			isa = XCBuildConfiguration;
			buildSettings = {
				ALWAYS_SEARCH_USER_PATHS = NO;
				CLANG_ANALYZER_NONNULL = YES;
				CLANG_ANALYZER_NUMBER_OBJECT_CONVERSION = YES_AGGRESSIVE;
				CLANG_CXX_LANGUAGE_STANDARD = "gnu++14";
				CLANG_CXX_LIBRARY = "libc++";
				CLANG_ENABLE_MODULES = YES;
				CLANG_ENABLE_OBJC_ARC = YES;
				CLANG_WARN_BLOCK_CAPTURE_AUTORELEASING = YES;
				CLANG_WARN_BOOL_CONVERSION = YES;
				CLANG_WARN_COMMA = YES;
				CLANG_WARN_CONSTANT_CONVERSION = YES;
				CLANG_WARN_DIRECT_OBJC_ISA_USAGE = YES_ERROR;
				CLANG_WARN_DOCUMENTATION_COMMENTS = YES;
				CLANG_WARN_EMPTY_BODY = YES;
				CLANG_WARN_ENUM_CONVERSION = YES;
				CLANG_WARN_INFINITE_RECURSION = YES;
				CLANG_WARN_INT_CONVERSION = YES;
				CLANG_WARN_NON_LITERAL_NULL_CONVERSION = YES;
				CLANG_WARN_OBJC_LITERAL_CONVERSION = YES;
				CLANG_WARN_OBJC_ROOT_CLASS = YES_ERROR;
				CLANG_WARN_RANGE_LOOP_ANALYSIS = YES;
				CLANG_WARN_STRICT_PROTOTYPES = YES;
				CLANG_WARN_SUSPICIOUS_MOVE = YES;
				CLANG_WARN_UNGUARDED_AVAILABILITY = YES_AGGRESSIVE;
				CLANG_WARN_UNREACHABLE_CODE = YES;
				CLANG_WARN__DUPLICATE_METHOD_MATCH = YES;
				CODE_SIGN_IDENTITY = "Mac Developer";
				COPY_PHASE_STRIP = NO;
				DEBUG_INFORMATION_FORMAT = "dwarf-with-dsym";
				ENABLE_NS_ASSERTIONS = NO;
				ENABLE_STRICT_OBJC_MSGSEND = YES;
				GCC_C_LANGUAGE_STANDARD = gnu11;
				GCC_NO_COMMON_BLOCKS = YES;
				GCC_WARN_64_TO_32_BIT_CONVERSION = YES;
				GCC_WARN_ABOUT_RETURN_TYPE = YES_ERROR;
				GCC_WARN_UNDECLARED_SELECTOR = YES;
				GCC_WARN_UNINITIALIZED_AUTOS = YES_AGGRESSIVE;
				GCC_WARN_UNUSED_FUNCTION = YES;
				GCC_WARN_UNUSED_VARIABLE = YES;
				MACOSX_DEPLOYMENT_TARGET = 10.13;
				MTL_ENABLE_DEBUG_INFO = NO;
				SDKROOT = macosx;
				SWIFT_OPTIMIZATION_LEVEL = "-Owholemodule";
			};
			name = Release;
		};
		10183AFE2019B7230064C06F /* Debug */ = {
			isa = XCBuildConfiguration;
			buildSettings = {
				ASSETCATALOG_COMPILER_APPICON_NAME = AppIcon;
				CODE_SIGN_IDENTITY = "iPhone Developer";
				CODE_SIGN_STYLE = Automatic;
				DEVELOPMENT_TEAM = S2M9W9G946;
				INFOPLIST_FILE = MK_Text_iOS/Info.plist;
				IPHONEOS_DEPLOYMENT_TARGET = 11.1;
				LD_RUNPATH_SEARCH_PATHS = "$(inherited) @executable_path/Frameworks";
				PRODUCT_BUNDLE_IDENTIFIER = "com.leiqi.www.MK-Text-iOS";
				PRODUCT_NAME = "$(TARGET_NAME)";
				SDKROOT = iphoneos;
				SWIFT_VERSION = 4.0;
				TARGETED_DEVICE_FAMILY = "1,2";
			};
			name = Debug;
		};
		10183AFF2019B7230064C06F /* Release */ = {
			isa = XCBuildConfiguration;
			buildSettings = {
				ASSETCATALOG_COMPILER_APPICON_NAME = AppIcon;
				CODE_SIGN_IDENTITY = "iPhone Developer";
				CODE_SIGN_STYLE = Automatic;
				DEVELOPMENT_TEAM = S2M9W9G946;
				INFOPLIST_FILE = MK_Text_iOS/Info.plist;
				IPHONEOS_DEPLOYMENT_TARGET = 11.1;
				LD_RUNPATH_SEARCH_PATHS = "$(inherited) @executable_path/Frameworks";
				PRODUCT_BUNDLE_IDENTIFIER = "com.leiqi.www.MK-Text-iOS";
				PRODUCT_NAME = "$(TARGET_NAME)";
				SDKROOT = iphoneos;
				SWIFT_VERSION = 4.0;
				TARGETED_DEVICE_FAMILY = "1,2";
				VALIDATE_PRODUCT = YES;
			};
			name = Release;
		};
		10183B262019B8030064C06F /* Debug */ = {
			isa = XCBuildConfiguration;
			buildSettings = {
				ASSETCATALOG_COMPILER_APPICON_NAME = AppIcon;
				CODE_SIGN_ENTITLEMENTS = MK_Text_OSX/MK_Text_OSX.entitlements;
				CODE_SIGN_STYLE = Automatic;
				COMBINE_HIDPI_IMAGES = YES;
				DEVELOPMENT_TEAM = S2M9W9G946;
				INFOPLIST_FILE = MK_Text_OSX/Info.plist;
				LD_RUNPATH_SEARCH_PATHS = "$(inherited) @executable_path/../Frameworks";
				PRODUCT_BUNDLE_IDENTIFIER = "com.leiqi.www.MK-Text-OSX";
				PRODUCT_NAME = "$(TARGET_NAME)";
				SWIFT_VERSION = 4.0;
			};
			name = Debug;
		};
		10183B272019B8030064C06F /* Release */ = {
			isa = XCBuildConfiguration;
			buildSettings = {
				ASSETCATALOG_COMPILER_APPICON_NAME = AppIcon;
				CODE_SIGN_ENTITLEMENTS = MK_Text_OSX/MK_Text_OSX.entitlements;
				CODE_SIGN_STYLE = Automatic;
				COMBINE_HIDPI_IMAGES = YES;
				DEVELOPMENT_TEAM = S2M9W9G946;
				INFOPLIST_FILE = MK_Text_OSX/Info.plist;
				LD_RUNPATH_SEARCH_PATHS = "$(inherited) @executable_path/../Frameworks";
				PRODUCT_BUNDLE_IDENTIFIER = "com.leiqi.www.MK-Text-OSX";
				PRODUCT_NAME = "$(TARGET_NAME)";
				SWIFT_VERSION = 4.0;
			};
			name = Release;
		};
/* End XCBuildConfiguration section */

/* Begin XCConfigurationList section */
		10183AD22019B7070064C06F /* Build configuration list for PBXProject "MK_Text" */ = {
			isa = XCConfigurationList;
			buildConfigurations = (
				10183AE52019B7070064C06F /* Debug */,
				10183AE62019B7070064C06F /* Release */,
			);
			defaultConfigurationIsVisible = 0;
			defaultConfigurationName = Release;
		};
		10183AFD2019B7230064C06F /* Build configuration list for PBXNativeTarget "MK_Text_iOS" */ = {
			isa = XCConfigurationList;
			buildConfigurations = (
				10183AFE2019B7230064C06F /* Debug */,
				10183AFF2019B7230064C06F /* Release */,
			);
			defaultConfigurationIsVisible = 0;
			defaultConfigurationName = Release;
		};
		10183B252019B8030064C06F /* Build configuration list for PBXNativeTarget "MK_Text_OSX" */ = {
			isa = XCConfigurationList;
			buildConfigurations = (
				10183B262019B8030064C06F /* Debug */,
				10183B272019B8030064C06F /* Release */,
			);
			defaultConfigurationIsVisible = 0;
			defaultConfigurationName = Release;
		};
/* End XCConfigurationList section */
	};
	rootObject = 10183ACF2019B7070064C06F /* Project object */;
}
